
Microsoft Visual Studio Solution File, Format Version 12.00
# Visual Studio Version 17
VisualStudioVersion = 17.4.33122.133
MinimumVisualStudioVersion = 10.0.40219.1
Project("{FAE04EC0-301F-11D3-BF4B-00C04F79EFBC}") = "TarefaAula2", "TarefaAula2\TarefaAula2.csproj", "{DF3E4F57-858A-400E-AD7C-0EADB18A2C5D}"
EndProject
Global
	GlobalSection(SolutionConfigurationPlatforms) = preSolution
		Debug|Any CPU = Debug|Any CPU
		Release|Any CPU = Release|Any CPU
	EndGlobalSection
	GlobalSection(ProjectConfigurationPlatforms) = postSolution
		{DF3E4F57-858A-400E-AD7C-0EADB18A2C5D}.Debug|Any CPU.ActiveCfg = Debug|Any CPU
		{DF3E4F57-858A-400E-AD7C-0EADB18A2C5D}.Debug|Any CPU.Build.0 = Debug|Any CPU
		{DF3E4F57-858A-400E-AD7C-0EADB18A2C5D}.Release|Any CPU.ActiveCfg = Release|Any CPU
		{DF3E4F57-858A-400E-AD7C-0EADB18A2C5D}.Release|Any CPU.Build.0 = Release|Any CPU
	EndGlobalSection
	GlobalSection(SolutionProperties) = preSolution
		HideSolutionNode = FALSE
	EndGlobalSection
	GlobalSection(ExtensibilityGlobals) = postSolution
		SolutionGuid = {F440938E-0024-4ACC-9BD3-417875102B05}
	EndGlobalSection
EndGlobal
